
Microsoft Visual Studio Solution File, Format Version 12.00
# Visual Studio 14
VisualStudioVersion = 14.0.25420.1
MinimumVisualStudioVersion = 10.0.40219.1
Project("{FAE04EC0-301F-11D3-BF4B-00C04F79EFBC}") = "OrderLINQ", "OrderLINQ\OrderLINQ.csproj", "{60F64398-198D-41AD-8269-1A38538E56C9}"
EndProject
Project("{FAE04EC0-301F-11D3-BF4B-00C04F79EFBC}") = "TestLINQ", "TestLINQ\TestLINQ.csproj", "{17CB883B-C294-4D8D-A831-A8524EDF7237}"
EndProject
Project("{FAE04EC0-301F-11D3-BF4B-00C04F79EFBC}") = "DrawTree", "DrawTree\DrawTree.csproj", "{9C5EC323-F13C-4CEA-AEA8-5D8E6A75F409}"
EndProject
Global
	GlobalSection(SolutionConfigurationPlatforms) = preSolution
		Debug|Any CPU = Debug|Any CPU
		Release|Any CPU = Release|Any CPU
	EndGlobalSection
	GlobalSection(ProjectConfigurationPlatforms) = postSolution
		{60F64398-198D-41AD-8269-1A38538E56C9}.Debug|Any CPU.ActiveCfg = Debug|Any CPU
		{60F64398-198D-41AD-8269-1A38538E56C9}.Debug|Any CPU.Build.0 = Debug|Any CPU
		{60F64398-198D-41AD-8269-1A38538E56C9}.Release|Any CPU.ActiveCfg = Release|Any CPU
		{60F64398-198D-41AD-8269-1A38538E56C9}.Release|Any CPU.Build.0 = Release|Any CPU
		{17CB883B-C294-4D8D-A831-A8524EDF7237}.Debug|Any CPU.ActiveCfg = Debug|Any CPU
		{17CB883B-C294-4D8D-A831-A8524EDF7237}.Debug|Any CPU.Build.0 = Debug|Any CPU
		{17CB883B-C294-4D8D-A831-A8524EDF7237}.Release|Any CPU.ActiveCfg = Release|Any CPU
		{17CB883B-C294-4D8D-A831-A8524EDF7237}.Release|Any CPU.Build.0 = Release|Any CPU
		{9C5EC323-F13C-4CEA-AEA8-5D8E6A75F409}.Debug|Any CPU.ActiveCfg = Debug|Any CPU
		{9C5EC323-F13C-4CEA-AEA8-5D8E6A75F409}.Debug|Any CPU.Build.0 = Debug|Any CPU
		{9C5EC323-F13C-4CEA-AEA8-5D8E6A75F409}.Release|Any CPU.ActiveCfg = Release|Any CPU
		{9C5EC323-F13C-4CEA-AEA8-5D8E6A75F409}.Release|Any CPU.Build.0 = Release|Any CPU
	EndGlobalSection
	GlobalSection(SolutionProperties) = preSolution
		HideSolutionNode = FALSE
	EndGlobalSection
EndGlobal
